<?xml version="1.0" encoding="utf-8"?>
<Project ToolsVersion="4.0" xmlns="http://schemas.microsoft.com/developer/msbuild/2003">
  <ItemGroup>
    <Filter Include="Source Files">
      <UniqueIdentifier>{4FC737F1-C7A5-4376-A066-2A32D752A2FF}</UniqueIdentifier>
      <Extensions>cpp;c;cc;cxx;c++;cppm;ixx;def;odl;idl;hpj;bat;asm;asmx</Extensions>
    </Filter>
    <Filter Include="Header Files">
      <UniqueIdentifier>{93995380-89BD-4b04-88EB-625FBE52EBFB}</UniqueIdentifier>
      <Extensions>h;hh;hpp;hxx;h++;hm;inl;inc;ipp;xsd</Extensions>
    </Filter>
    <Filter Include="Header Files\dialogs">
      <UniqueIdentifier>{a2c7d8e1-b3f4-4a5b-9c6d-7e8f9a0b1c2d}</UniqueIdentifier>
    </Filter>
    <Filter Include="Shaders">
      <UniqueIdentifier>{67DA6AB6-F800-4c08-8B7A-83BB121AAD01}</UniqueIdentifier>
      <Extensions>vs;fs;glsl;vert;frag</Extensions>
    </Filter>
  </ItemGroup>
  <ItemGroup>
    <ClInclude Include="DesignerApp.h">
      <Filter>Header Files</Filter>
    </ClInclude>
    <ClInclude Include="ShapeManager.h">
      <Filter>Header Files</Filter>
    </ClInclude>
    <ClInclude Include="dialogs\MainToolbar.h">
      <Filter>Header Files\dialogs</Filter>
    </ClInclude>
    <ClInclude Include="dialogs\BuilderPanel.h">
      <Filter>Header Files\dialogs</Filter>
    </ClInclude>
    <ClInclude Include="dialogs\TransformPanel.h">
      <Filter>Header Files\dialogs</Filter>
    </ClInclude>
    <ClInclude Include="dialogs\ColorPanel.h">
      <Filter>Header Files\dialogs</Filter>
    </ClInclude>
  </ItemGroup>
  <ItemGroup>
    <ClCompile Include="main.cpp">
      <Filter>Source Files</Filter>
    </ClCompile>
    <ClCompile Include="DesignerApp.cpp">
      <Filter>Source Files</Filter>
    </ClCompile>
    <ClCompile Include="ShapeManager.cpp">
      <Filter>Source Files</Filter>
    </ClCompile>
  </ItemGroup>
  <ItemGroup>
    <None Include="shaders\designer.vs">
      <Filter>Shaders</Filter>
    </None>
    <None Include="shaders\designer.fs">
      <Filter>Shaders</Filter>
    </None>
  </ItemGroup>
</Project>
