<?xml version="1.0" encoding="utf-8"?>
<Project ToolsVersion="4.0" xmlns="http://schemas.microsoft.com/developer/msbuild/2003">
  <ItemGroup>
    <Filter Include="Source Files">
      <UniqueIdentifier>{4FC737F1-C7A5-4376-A066-2A32D752A2FF}</UniqueIdentifier>
      <Extensions>cpp;c;cc;cxx;c++;def;odl;idl;hpj;bat;asm;asmx</Extensions>
    </Filter>
    <Filter Include="Header Files">
      <UniqueIdentifier>{93995380-89BD-4b04-88EB-625FBE52EBFB}</UniqueIdentifier>
      <Extensions>h;hh;hpp;hxx;h++;hm;inl;inc;ipp;xsd</Extensions>
    </Filter>
    <Filter Include="Resource Files">
      <UniqueIdentifier>{67DA6AB6-F800-4c08-8B7A-83BB121AAD01}</UniqueIdentifier>
      <Extensions>rc;ico;cur;bmp;dlg;rc2;rct;bin;rgs;gif;jpg;jpeg;jpe;resx;tiff;tif;png;wav;mfcribbon-ms</Extensions>
    </Filter>
  </ItemGroup>
  <ItemGroup>
    <ClInclude Include="enabler.h">
      <Filter>Header Files</Filter>
    </ClInclude>
  </ItemGroup>
  <ItemGroup>
    <ClCompile Include="main.cpp">
      <Filter>Source Files</Filter>
    </ClCompile>
    <ClCompile Include="mainCamera.cpp">
      <Filter>Source Files</Filter>
    </ClCompile>
    <ClCompile Include="mainParticles.cpp">
      <Filter>Source Files</Filter>
    </ClCompile>
    <ClCompile Include="mainParticlesTerrain.cpp">
      <Filter>Source Files</Filter>
    </ClCompile>
    <ClCompile Include="mainShadow.cpp">
      <Filter>Source Files</Filter>
    </ClCompile>
    <ClCompile Include="mainTerrainBitmapDoubleCoated.cpp">
      <Filter>Source Files</Filter>
    </ClCompile>
    <ClCompile Include="mainTerrainBitmapDoubleCoatedIndexed.cpp">
      <Filter>Source Files</Filter>
    </ClCompile>
    <ClCompile Include="mainTerrainBitmapDoubleCoatedVineet.cpp">
      <Filter>Source Files</Filter>
    </ClCompile>
    <ClCompile Include="mainTerrainBitmapDoubleCoatedWithFrameBuffers.cpp">
      <Filter>Source Files</Filter>
    </ClCompile>
    <ClCompile Include="mainTerrainBitmapShaders.cpp">
      <Filter>Source Files</Filter>
    </ClCompile>
    <ClCompile Include="mainTerrainTessellated.cpp">
      <Filter>Source Files</Filter>
    </ClCompile>
    <ClCompile Include="mainTessellation.cpp">
      <Filter>Source Files</Filter>
    </ClCompile>
    <ClCompile Include="mainTriangleLib.cpp">
      <Filter>Source Files</Filter>
    </ClCompile>
    <ClCompile Include="dynamit.cpp">
      <Filter>Source Files</Filter>
    </ClCompile>
    <ClCompile Include="dynamitDraw0.cpp">
      <Filter>Source Files</Filter>
    </ClCompile>
    <ClCompile Include="dynamitAnimate.cpp">
      <Filter>Source Files</Filter>
    </ClCompile>
    <ClCompile Include="dynamitNormalsAndColors2Progs.cpp">
      <Filter>Source Files</Filter>
    </ClCompile>
    <ClCompile Include="dynamitTriangleFan.cpp">
      <Filter>Source Files</Filter>
    </ClCompile>
    <ClCompile Include="dynamitCone1Animate1.cpp">
      <Filter>Source Files</Filter>
    </ClCompile>
    <ClCompile Include="dynamitCone1Animate2.cpp">
      <Filter>Source Files</Filter>
    </ClCompile>
    <ClCompile Include="dynamitCone1Geometry1.cpp">
      <Filter>Source Files</Filter>
    </ClCompile>
    <ClCompile Include="dynamitCone1HeartGeometry1.cpp">
      <Filter>Source Files</Filter>
    </ClCompile>
    <ClCompile Include="dynamitCone1HeartGeometry2.cpp">
      <Filter>Source Files</Filter>
    </ClCompile>
    <ClCompile Include="dynamitSphereDodecahedron.cpp">
      <Filter>Source Files</Filter>
    </ClCompile>
    <ClCompile Include="dynamitCone1Animate1Calc.cpp">
      <Filter>Source Files</Filter>
    </ClCompile>
    <ClCompile Include="dynamitCone1HeartGeometry2Calc.cpp">
      <Filter>Source Files</Filter>
    </ClCompile>
    <ClCompile Include="dynamitDrawStrided.cpp">
      <Filter>Source Files</Filter>
    </ClCompile>
    <ClCompile Include="dynamitTriangleFanPrimitives.cpp">
      <Filter>Source Files</Filter>
    </ClCompile>
    <ClCompile Include="dynamitConeGeometryCalc.cpp">
      <Filter>Source Files</Filter>
    </ClCompile>
    <ClCompile Include="dynamitSphereDodecahedronTextured.cpp">
      <Filter>Source Files</Filter>
    </ClCompile>
    <ClCompile Include="dynamitCone1HeartGeometry2CalcBuilder.cpp">
      <Filter>Source Files</Filter>
    </ClCompile>
    <ClCompile Include="dynamitCylinderGeometryCalc.cpp">
      <Filter>Source Files</Filter>
    </ClCompile>
  </ItemGroup>
</Project>