
Microsoft Visual Studio Solution File, Format Version 12.00
# Visual Studio Version 17
VisualStudioVersion = 17.14.36811.4 d17.14
MinimumVisualStudioVersion = 10.0.40219.1
Project("{8BC9CEB8-8B4A-11D0-8D11-00A0C91BC942}") = "dynamit_gl", "dynamit_gl\dynamit_gl.vcxproj", "{28E50474-8EE8-48A8-9531-1782C7BDDCF4}"
	ProjectSection(ProjectDependencies) = postProject
		{AC87EC40-AD9F-435D-8E4C-FC7F984D3568} = {AC87EC40-AD9F-435D-8E4C-FC7F984D3568}
	EndProjectSection
EndProject
Project("{8BC9CEB8-8B4A-11D0-8D11-00A0C91BC942}") = "3DCalculator", "3DCalculator\3DCalculator.vcxproj", "{AC87EC40-AD9F-435D-8E4C-FC7F984D3568}"
EndProject
Project("{8BC9CEB8-8B4A-11D0-8D11-00A0C91BC942}") = "3Dapi", "3Dapi\3Dapi.vcxproj", "{713BEFCA-FB52-4215-B23E-BF13140CE371}"
	ProjectSection(ProjectDependencies) = postProject
		{28E50474-8EE8-48A8-9531-1782C7BDDCF4} = {28E50474-8EE8-48A8-9531-1782C7BDDCF4}
	EndProjectSection
EndProject
Global
	GlobalSection(SolutionConfigurationPlatforms) = preSolution
		Debug|x64 = Debug|x64
		Debug|x86 = Debug|x86
		Release|x64 = Release|x64
		Release|x86 = Release|x86
	EndGlobalSection
	GlobalSection(ProjectConfigurationPlatforms) = postSolution
		{28E50474-8EE8-48A8-9531-1782C7BDDCF4}.Debug|x64.ActiveCfg = Debug|x64
		{28E50474-8EE8-48A8-9531-1782C7BDDCF4}.Debug|x64.Build.0 = Debug|x64
		{28E50474-8EE8-48A8-9531-1782C7BDDCF4}.Debug|x86.ActiveCfg = Debug|Win32
		{28E50474-8EE8-48A8-9531-1782C7BDDCF4}.Debug|x86.Build.0 = Debug|Win32
		{28E50474-8EE8-48A8-9531-1782C7BDDCF4}.Release|x64.ActiveCfg = Release|x64
		{28E50474-8EE8-48A8-9531-1782C7BDDCF4}.Release|x64.Build.0 = Release|x64
		{28E50474-8EE8-48A8-9531-1782C7BDDCF4}.Release|x86.ActiveCfg = Release|Win32
		{28E50474-8EE8-48A8-9531-1782C7BDDCF4}.Release|x86.Build.0 = Release|Win32
		{AC87EC40-AD9F-435D-8E4C-FC7F984D3568}.Debug|x64.ActiveCfg = Debug|x64
		{AC87EC40-AD9F-435D-8E4C-FC7F984D3568}.Debug|x64.Build.0 = Debug|x64
		{AC87EC40-AD9F-435D-8E4C-FC7F984D3568}.Debug|x86.ActiveCfg = Debug|Win32
		{AC87EC40-AD9F-435D-8E4C-FC7F984D3568}.Debug|x86.Build.0 = Debug|Win32
		{AC87EC40-AD9F-435D-8E4C-FC7F984D3568}.Release|x64.ActiveCfg = Release|x64
		{AC87EC40-AD9F-435D-8E4C-FC7F984D3568}.Release|x64.Build.0 = Release|x64
		{AC87EC40-AD9F-435D-8E4C-FC7F984D3568}.Release|x86.ActiveCfg = Release|Win32
		{AC87EC40-AD9F-435D-8E4C-FC7F984D3568}.Release|x86.Build.0 = Release|Win32
		{713BEFCA-FB52-4215-B23E-BF13140CE371}.Debug|x64.ActiveCfg = Debug|x64
		{713BEFCA-FB52-4215-B23E-BF13140CE371}.Debug|x64.Build.0 = Debug|x64
		{713BEFCA-FB52-4215-B23E-BF13140CE371}.Debug|x86.ActiveCfg = Debug|Win32
		{713BEFCA-FB52-4215-B23E-BF13140CE371}.Debug|x86.Build.0 = Debug|Win32
		{713BEFCA-FB52-4215-B23E-BF13140CE371}.Release|x64.ActiveCfg = Release|x64
		{713BEFCA-FB52-4215-B23E-BF13140CE371}.Release|x64.Build.0 = Release|x64
		{713BEFCA-FB52-4215-B23E-BF13140CE371}.Release|x86.ActiveCfg = Release|Win32
		{713BEFCA-FB52-4215-B23E-BF13140CE371}.Release|x86.Build.0 = Release|Win32
	EndGlobalSection
	GlobalSection(SolutionProperties) = preSolution
		HideSolutionNode = FALSE
	EndGlobalSection
	GlobalSection(ExtensibilityGlobals) = postSolution
		SolutionGuid = {B168E4DA-9ACC-4F47-A585-06BC4B260A79}
	EndGlobalSection
EndGlobal
