<?xml version="1.0" encoding="utf-8"?>
<Project ToolsVersion="4.0" xmlns="http://schemas.microsoft.com/developer/msbuild/2003">
  <ItemGroup>
    <Filter Include="Source Files">
      <UniqueIdentifier>{4FC737F1-C7A5-4376-A066-2A32D752A2FF}</UniqueIdentifier>
      <Extensions>cpp;c;cc;cxx;c++;cppm;ixx;def;odl;idl;hpj;bat;asm;asmx</Extensions>
    </Filter>
    <Filter Include="Header Files">
      <UniqueIdentifier>{93995380-89BD-4b04-88EB-625FBE52EBFB}</UniqueIdentifier>
      <Extensions>h;hh;hpp;hxx;h++;hm;inl;inc;ipp;xsd</Extensions>
    </Filter>
    <Filter Include="Resource Files">
      <UniqueIdentifier>{67DA6AB6-F800-4c08-8B7A-83BB121AAD01}</UniqueIdentifier>
      <Extensions>rc;ico;cur;bmp;dlg;rc2;rct;bin;rgs;gif;jpg;jpeg;jpe;resx;tiff;tif;png;wav;mfcribbon-ms</Extensions>
    </Filter>
  </ItemGroup>
  <ItemGroup>
    <ClInclude Include="enabler.h">
      <Filter>Header Files</Filter>
    </ClInclude>
  </ItemGroup>
  <ItemGroup>
    <ClCompile Include="hello.cpp">
      <Filter>Source Files</Filter>
    </ClCompile>
    <ClCompile Include="animate.cpp">
      <Filter>Source Files</Filter>
    </ClCompile>
    <ClCompile Include="cone1Animate1.cpp">
      <Filter>Source Files</Filter>
    </ClCompile>
    <ClCompile Include="cone1Animate1Calc.cpp">
      <Filter>Source Files</Filter>
    </ClCompile>
    <ClCompile Include="cone1Animate2.cpp">
      <Filter>Source Files</Filter>
    </ClCompile>
    <ClCompile Include="cone1Geometry1.cpp">
      <Filter>Source Files</Filter>
    </ClCompile>
    <ClCompile Include="cone1HeartGeometry1.cpp">
      <Filter>Source Files</Filter>
    </ClCompile>
    <ClCompile Include="cone1HeartGeometry2.cpp">
      <Filter>Source Files</Filter>
    </ClCompile>
    <ClCompile Include="cone1HeartGeometry2Calc.cpp">
      <Filter>Source Files</Filter>
    </ClCompile>
    <ClCompile Include="cone1HeartGeometry2CalcBuilder.cpp">
      <Filter>Source Files</Filter>
    </ClCompile>
    <ClCompile Include="coneBuilders.cpp">
      <Filter>Source Files</Filter>
    </ClCompile>
    <ClCompile Include="coneGeometryCalc.cpp">
      <Filter>Source Files</Filter>
    </ClCompile>
    <ClCompile Include="cylinderGeometryCalc.cpp">
      <Filter>Source Files</Filter>
    </ClCompile>
    <ClCompile Include="draw0.cpp">
      <Filter>Source Files</Filter>
    </ClCompile>
    <ClCompile Include="drawStrided.cpp">
      <Filter>Source Files</Filter>
    </ClCompile>
    <ClCompile Include="normalsAndColors2Progs.cpp">
      <Filter>Source Files</Filter>
    </ClCompile>
    <ClCompile Include="polarArrowCombined.cpp">
      <Filter>Source Files</Filter>
    </ClCompile>
    <ClCompile Include="polarArrowParametric.cpp">
      <Filter>Source Files</Filter>
    </ClCompile>
    <ClCompile Include="polarCombineWithTransform.cpp">
      <Filter>Source Files</Filter>
    </ClCompile>
    <ClCompile Include="polarWithTransform.cpp">
      <Filter>Source Files</Filter>
    </ClCompile>
    <ClCompile Include="sphereDodecahedron.cpp">
      <Filter>Source Files</Filter>
    </ClCompile>
    <ClCompile Include="sphereDodecahedronTextured.cpp">
      <Filter>Source Files</Filter>
    </ClCompile>
    <ClCompile Include="triangleFan.cpp">
      <Filter>Source Files</Filter>
    </ClCompile>
    <ClCompile Include="triangleFanPrimitives.cpp">
      <Filter>Source Files</Filter>
    </ClCompile>
    <ClCompile Include="polarArrowWithColorParametric.cpp">
      <Filter>Source Files</Filter>
    </ClCompile>
  </ItemGroup>
</Project>